// !$*UTF8*$!
{
	archiveVersion = 1;
	classes = {
	};
	objectVersion = 51;
	objects = {

/* Begin PBXBuildFile section */
		2F4EC5EBA86C6BA808FAAFFD /* Pods_InterviewTask.framework in Frameworks */ = {isa = PBXBuildFile; fileRef = F295C7EBF0E82DC3FEAF87CE /* Pods_InterviewTask.framework */; };
		5D4604892765DD02008D6E3D /* LoginViewController.swift in Sources */ = {isa = PBXBuildFile; fileRef = 5D4604882765DD02008D6E3D /* LoginViewController.swift */; };
		5D4604922765E6B3008D6E3D /* Constant.swift in Sources */ = {isa = PBXBuildFile; fileRef = 5D4604912765E6B3008D6E3D /* Constant.swift */; };
		5D4604942765E7AE008D6E3D /* UserModel.swift in Sources */ = {isa = PBXBuildFile; fileRef = 5D4604932765E7AE008D6E3D /* UserModel.swift */; };
		5D46049B27663E4F008D6E3D /* Roboto-Regular.ttf in Resources */ = {isa = PBXBuildFile; fileRef = 5D46048C2765E5E2008D6E3D /* Roboto-Regular.ttf */; };
		5D46049C27663E4F008D6E3D /* Roboto-Light.ttf in Resources */ = {isa = PBXBuildFile; fileRef = 5D46049A27663E17008D6E3D /* Roboto-Light.ttf */; };
		5D59EED1276682780023EFE2 /* UIViewController.swift in Sources */ = {isa = PBXBuildFile; fileRef = 5D59EED0276682780023EFE2 /* UIViewController.swift */; };
		5DC9BF2B276399720029D36F /* AppDelegate.swift in Sources */ = {isa = PBXBuildFile; fileRef = 5DC9BF2A276399720029D36F /* AppDelegate.swift */; };
		5DC9BF2D276399720029D36F /* SceneDelegate.swift in Sources */ = {isa = PBXBuildFile; fileRef = 5DC9BF2C276399720029D36F /* SceneDelegate.swift */; };
		5DC9BF2F276399720029D36F /* SignUpViewController.swift in Sources */ = {isa = PBXBuildFile; fileRef = 5DC9BF2E276399720029D36F /* SignUpViewController.swift */; };
		5DC9BF32276399720029D36F /* Main.storyboard in Resources */ = {isa = PBXBuildFile; fileRef = 5DC9BF30276399720029D36F /* Main.storyboard */; };
		5DC9BF34276399760029D36F /* Assets.xcassets in Resources */ = {isa = PBXBuildFile; fileRef = 5DC9BF33276399760029D36F /* Assets.xcassets */; };
		5DC9BF37276399760029D36F /* LaunchScreen.storyboard in Resources */ = {isa = PBXBuildFile; fileRef = 5DC9BF35276399760029D36F /* LaunchScreen.storyboard */; };
		5DC9BF402763A1590029D36F /* Cookie-Regular.ttf in Resources */ = {isa = PBXBuildFile; fileRef = 5DC9BF3F2763A11B0029D36F /* Cookie-Regular.ttf */; };
		5DC9BF442763ABC90029D36F /* String.swift in Sources */ = {isa = PBXBuildFile; fileRef = 5DC9BF432763ABC90029D36F /* String.swift */; };
		5DC9BF462763ADC30029D36F /* UITextField.swift in Sources */ = {isa = PBXBuildFile; fileRef = 5DC9BF452763ADC30029D36F /* UITextField.swift */; };
		5DC9BF492763C8300029D36F /* TextField.swift in Sources */ = {isa = PBXBuildFile; fileRef = 5DC9BF482763C8300029D36F /* TextField.swift */; };
		5DC9BF4B2763CA200029D36F /* ServerApi.swift in Sources */ = {isa = PBXBuildFile; fileRef = 5DC9BF4A2763CA200029D36F /* ServerApi.swift */; };
		5DC9BF4D2763D0BA0029D36F /* RequestUserAccount.swift in Sources */ = {isa = PBXBuildFile; fileRef = 5DC9BF4C2763D0BA0029D36F /* RequestUserAccount.swift */; };
		5DC9BF4F276461EC0029D36F /* UIColor.swift in Sources */ = {isa = PBXBuildFile; fileRef = 5DC9BF4E276461EC0029D36F /* UIColor.swift */; };
/* End PBXBuildFile section */

/* Begin PBXFileReference section */
		230A6D889D2A6946C9AAD78C /* Pods-InterviewTask.debug.xcconfig */ = {isa = PBXFileReference; includeInIndex = 1; lastKnownFileType = text.xcconfig; name = "Pods-InterviewTask.debug.xcconfig"; path = "Target Support Files/Pods-InterviewTask/Pods-InterviewTask.debug.xcconfig"; sourceTree = "<group>"; };
		5D4604882765DD02008D6E3D /* LoginViewController.swift */ = {isa = PBXFileReference; lastKnownFileType = sourcecode.swift; path = LoginViewController.swift; sourceTree = "<group>"; };
		5D46048C2765E5E2008D6E3D /* Roboto-Regular.ttf */ = {isa = PBXFileReference; lastKnownFileType = file; path = "Roboto-Regular.ttf"; sourceTree = "<group>"; };
		5D4604912765E6B3008D6E3D /* Constant.swift */ = {isa = PBXFileReference; lastKnownFileType = sourcecode.swift; path = Constant.swift; sourceTree = "<group>"; };
		5D4604932765E7AE008D6E3D /* UserModel.swift */ = {isa = PBXFileReference; lastKnownFileType = sourcecode.swift; path = UserModel.swift; sourceTree = "<group>"; };
		5D46049A27663E17008D6E3D /* Roboto-Light.ttf */ = {isa = PBXFileReference; lastKnownFileType = file; path = "Roboto-Light.ttf"; sourceTree = "<group>"; };
		5D59EED0276682780023EFE2 /* UIViewController.swift */ = {isa = PBXFileReference; lastKnownFileType = sourcecode.swift; path = UIViewController.swift; sourceTree = "<group>"; };
		5DC9BF27276399720029D36F /* InterviewTask.app */ = {isa = PBXFileReference; explicitFileType = wrapper.application; includeInIndex = 0; path = InterviewTask.app; sourceTree = BUILT_PRODUCTS_DIR; };
		5DC9BF2A276399720029D36F /* AppDelegate.swift */ = {isa = PBXFileReference; lastKnownFileType = sourcecode.swift; path = AppDelegate.swift; sourceTree = "<group>"; };
		5DC9BF2C276399720029D36F /* SceneDelegate.swift */ = {isa = PBXFileReference; lastKnownFileType = sourcecode.swift; path = SceneDelegate.swift; sourceTree = "<group>"; };
		5DC9BF2E276399720029D36F /* SignUpViewController.swift */ = {isa = PBXFileReference; lastKnownFileType = sourcecode.swift; path = SignUpViewController.swift; sourceTree = "<group>"; };
		5DC9BF31276399720029D36F /* Base */ = {isa = PBXFileReference; lastKnownFileType = file.storyboard; name = Base; path = Base.lproj/Main.storyboard; sourceTree = "<group>"; };
		5DC9BF33276399760029D36F /* Assets.xcassets */ = {isa = PBXFileReference; lastKnownFileType = folder.assetcatalog; path = Assets.xcassets; sourceTree = "<group>"; };
		5DC9BF36276399760029D36F /* Base */ = {isa = PBXFileReference; lastKnownFileType = file.storyboard; name = Base; path = Base.lproj/LaunchScreen.storyboard; sourceTree = "<group>"; };
		5DC9BF38276399760029D36F /* Info.plist */ = {isa = PBXFileReference; lastKnownFileType = text.plist.xml; path = Info.plist; sourceTree = "<group>"; };
		5DC9BF3F2763A11B0029D36F /* Cookie-Regular.ttf */ = {isa = PBXFileReference; lastKnownFileType = file; path = "Cookie-Regular.ttf"; sourceTree = "<group>"; };
		5DC9BF432763ABC90029D36F /* String.swift */ = {isa = PBXFileReference; lastKnownFileType = sourcecode.swift; path = String.swift; sourceTree = "<group>"; };
		5DC9BF452763ADC30029D36F /* UITextField.swift */ = {isa = PBXFileReference; lastKnownFileType = sourcecode.swift; path = UITextField.swift; sourceTree = "<group>"; };
		5DC9BF482763C8300029D36F /* TextField.swift */ = {isa = PBXFileReference; lastKnownFileType = sourcecode.swift; path = TextField.swift; sourceTree = "<group>"; };
		5DC9BF4A2763CA200029D36F /* ServerApi.swift */ = {isa = PBXFileReference; lastKnownFileType = sourcecode.swift; path = ServerApi.swift; sourceTree = "<group>"; };
		5DC9BF4C2763D0BA0029D36F /* RequestUserAccount.swift */ = {isa = PBXFileReference; lastKnownFileType = sourcecode.swift; path = RequestUserAccount.swift; sourceTree = "<group>"; };
		5DC9BF4E276461EC0029D36F /* UIColor.swift */ = {isa = PBXFileReference; lastKnownFileType = sourcecode.swift; path = UIColor.swift; sourceTree = "<group>"; };
		8170082BEFD0F01C79EB484E /* Pods-InterviewTask.release.xcconfig */ = {isa = PBXFileReference; includeInIndex = 1; lastKnownFileType = text.xcconfig; name = "Pods-InterviewTask.release.xcconfig"; path = "Target Support Files/Pods-InterviewTask/Pods-InterviewTask.release.xcconfig"; sourceTree = "<group>"; };
		F295C7EBF0E82DC3FEAF87CE /* Pods_InterviewTask.framework */ = {isa = PBXFileReference; explicitFileType = wrapper.framework; includeInIndex = 0; path = Pods_InterviewTask.framework; sourceTree = BUILT_PRODUCTS_DIR; };
/* End PBXFileReference section */

/* Begin PBXFrameworksBuildPhase section */
		5DC9BF24276399720029D36F /* Frameworks */ = {
			isa = PBXFrameworksBuildPhase;
			buildActionMask = 2147483647;
			files = (
				2F4EC5EBA86C6BA808FAAFFD /* Pods_InterviewTask.framework in Frameworks */,
			);
			runOnlyForDeploymentPostprocessing = 0;
		};
/* End PBXFrameworksBuildPhase section */

/* Begin PBXGroup section */
		01ED86002735AF505B9D8189 /* Frameworks */ = {
			isa = PBXGroup;
			children = (
				F295C7EBF0E82DC3FEAF87CE /* Pods_InterviewTask.framework */,
			);
			name = Frameworks;
			sourceTree = "<group>";
		};
		5D46048D2765E5F6008D6E3D /* ViewController */ = {
			isa = PBXGroup;
			children = (
				5DC9BF2E276399720029D36F /* SignUpViewController.swift */,
				5D4604882765DD02008D6E3D /* LoginViewController.swift */,
			);
			path = ViewController;
			sourceTree = "<group>";
		};
		5D46048E2765E618008D6E3D /* Extension */ = {
			isa = PBXGroup;
			children = (
				5DC9BF4E276461EC0029D36F /* UIColor.swift */,
				5DC9BF432763ABC90029D36F /* String.swift */,
				5DC9BF452763ADC30029D36F /* UITextField.swift */,
				5D59EED0276682780023EFE2 /* UIViewController.swift */,
			);
			path = Extension;
			sourceTree = "<group>";
		};
		5D46048F2765E665008D6E3D /* RequestModel */ = {
			isa = PBXGroup;
			children = (
				5DC9BF4C2763D0BA0029D36F /* RequestUserAccount.swift */,
				5D4604932765E7AE008D6E3D /* UserModel.swift */,
			);
			path = RequestModel;
			sourceTree = "<group>";
		};
		5D4604902765E69A008D6E3D /* ConstantFiles */ = {
			isa = PBXGroup;
			children = (
				5D4604912765E6B3008D6E3D /* Constant.swift */,
			);
			path = ConstantFiles;
			sourceTree = "<group>";
		};
		5D46049727662C7F008D6E3D /* Common */ = {
			isa = PBXGroup;
			children = (
				5DC9BF482763C8300029D36F /* TextField.swift */,
			);
			path = Common;
			sourceTree = "<group>";
		};
		5DC9BF1E276399720029D36F = {
			isa = PBXGroup;
			children = (
				5DC9BF29276399720029D36F /* InterviewTask */,
				5DC9BF28276399720029D36F /* Products */,
				B7608A2CFD1815531C281D2C /* Pods */,
				01ED86002735AF505B9D8189 /* Frameworks */,
			);
			sourceTree = "<group>";
		};
		5DC9BF28276399720029D36F /* Products */ = {
			isa = PBXGroup;
			children = (
				5DC9BF27276399720029D36F /* InterviewTask.app */,
			);
			name = Products;
			sourceTree = "<group>";
		};
		5DC9BF29276399720029D36F /* InterviewTask */ = {
			isa = PBXGroup;
			children = (
				5D46048E2765E618008D6E3D /* Extension */,
				5D46048D2765E5F6008D6E3D /* ViewController */,
				5D46048F2765E665008D6E3D /* RequestModel */,
				5D4604902765E69A008D6E3D /* ConstantFiles */,
				5D46049727662C7F008D6E3D /* Common */,
				5DC9BF2A276399720029D36F /* AppDelegate.swift */,
				5DC9BF2C276399720029D36F /* SceneDelegate.swift */,
				5DC9BF4A2763CA200029D36F /* ServerApi.swift */,
				5DC9BF30276399720029D36F /* Main.storyboard */,
				5DC9BF33276399760029D36F /* Assets.xcassets */,
				5DC9BF35276399760029D36F /* LaunchScreen.storyboard */,
				5DC9BF38276399760029D36F /* Info.plist */,
				5DC9BF3E2763A0FE0029D36F /* Fonts */,
			);
			path = InterviewTask;
			sourceTree = "<group>";
		};
		5DC9BF3E2763A0FE0029D36F /* Fonts */ = {
			isa = PBXGroup;
			children = (
				5DC9BF3F2763A11B0029D36F /* Cookie-Regular.ttf */,
				5D46048C2765E5E2008D6E3D /* Roboto-Regular.ttf */,
				5D46049A27663E17008D6E3D /* Roboto-Light.ttf */,
			);
			path = Fonts;
			sourceTree = "<group>";
		};
		B7608A2CFD1815531C281D2C /* Pods */ = {
			isa = PBXGroup;
			children = (
				230A6D889D2A6946C9AAD78C /* Pods-InterviewTask.debug.xcconfig */,
				8170082BEFD0F01C79EB484E /* Pods-InterviewTask.release.xcconfig */,
			);
			path = Pods;
			sourceTree = "<group>";
		};
/* End PBXGroup section */

/* Begin PBXNativeTarget section */
		5DC9BF26276399720029D36F /* InterviewTask */ = {
			isa = PBXNativeTarget;
			buildConfigurationList = 5DC9BF3B276399760029D36F /* Build configuration list for PBXNativeTarget "InterviewTask" */;
			buildPhases = (
				D2A14370A3EF979626F030C9 /* [CP] Check Pods Manifest.lock */,
				5DC9BF23276399720029D36F /* Sources */,
				5DC9BF24276399720029D36F /* Frameworks */,
				5DC9BF25276399720029D36F /* Resources */,
				4978E6F682B36CF4F355ECE9 /* [CP] Embed Pods Frameworks */,
			);
			buildRules = (
			);
			dependencies = (
			);
			name = InterviewTask;
			productName = InterviewTask;
			productReference = 5DC9BF27276399720029D36F /* InterviewTask.app */;
			productType = "com.apple.product-type.application";
		};
/* End PBXNativeTarget section */

/* Begin PBXProject section */
		5DC9BF1F276399720029D36F /* Project object */ = {
			isa = PBXProject;
			attributes = {
				LastSwiftUpdateCheck = 1160;
				LastUpgradeCheck = 1160;
				ORGANIZATIONNAME = "Rita Asryan";
				TargetAttributes = {
					5DC9BF26276399720029D36F = {
						CreatedOnToolsVersion = 11.6;
					};
				};
			};
			buildConfigurationList = 5DC9BF22276399720029D36F /* Build configuration list for PBXProject "InterviewTask" */;
			compatibilityVersion = "Xcode 9.3";
			developmentRegion = en;
			hasScannedForEncodings = 0;
			knownRegions = (
				en,
				Base,
			);
			mainGroup = 5DC9BF1E276399720029D36F;
			productRefGroup = 5DC9BF28276399720029D36F /* Products */;
			projectDirPath = "";
			projectRoot = "";
			targets = (
				5DC9BF26276399720029D36F /* InterviewTask */,
			);
		};
/* End PBXProject section */

/* Begin PBXResourcesBuildPhase section */
		5DC9BF25276399720029D36F /* Resources */ = {
			isa = PBXResourcesBuildPhase;
			buildActionMask = 2147483647;
			files = (
				5D46049B27663E4F008D6E3D /* Roboto-Regular.ttf in Resources */,
				5D46049C27663E4F008D6E3D /* Roboto-Light.ttf in Resources */,
				5DC9BF37276399760029D36F /* LaunchScreen.storyboard in Resources */,
				5DC9BF34276399760029D36F /* Assets.xcassets in Resources */,
				5DC9BF32276399720029D36F /* Main.storyboard in Resources */,
				5DC9BF402763A1590029D36F /* Cookie-Regular.ttf in Resources */,
			);
			runOnlyForDeploymentPostprocessing = 0;
		};
/* End PBXResourcesBuildPhase section */

/* Begin PBXShellScriptBuildPhase section */
		4978E6F682B36CF4F355ECE9 /* [CP] Embed Pods Frameworks */ = {
			isa = PBXShellScriptBuildPhase;
			buildActionMask = 2147483647;
			files = (
			);
			inputFileListPaths = (
				"${PODS_ROOT}/Target Support Files/Pods-InterviewTask/Pods-InterviewTask-frameworks-${CONFIGURATION}-input-files.xcfilelist",
			);
			name = "[CP] Embed Pods Frameworks";
			outputFileListPaths = (
				"${PODS_ROOT}/Target Support Files/Pods-InterviewTask/Pods-InterviewTask-frameworks-${CONFIGURATION}-output-files.xcfilelist",
			);
			runOnlyForDeploymentPostprocessing = 0;
			shellPath = /bin/sh;
			shellScript = "\"${PODS_ROOT}/Target Support Files/Pods-InterviewTask/Pods-InterviewTask-frameworks.sh\"\n";
			showEnvVarsInLog = 0;
		};
		D2A14370A3EF979626F030C9 /* [CP] Check Pods Manifest.lock */ = {
			isa = PBXShellScriptBuildPhase;
			buildActionMask = 2147483647;
			files = (
			);
			inputFileListPaths = (
			);
			inputPaths = (
				"${PODS_PODFILE_DIR_PATH}/Podfile.lock",
				"${PODS_ROOT}/Manifest.lock",
			);
			name = "[CP] Check Pods Manifest.lock";
			outputFileListPaths = (
			);
			outputPaths = (
				"$(DERIVED_FILE_DIR)/Pods-InterviewTask-checkManifestLockResult.txt",
			);
			runOnlyForDeploymentPostprocessing = 0;
			shellPath = /bin/sh;
			shellScript = "diff \"${PODS_PODFILE_DIR_PATH}/Podfile.lock\" \"${PODS_ROOT}/Manifest.lock\" > /dev/null\nif [ $? != 0 ] ; then\n    # print error to STDERR\n    echo \"error: The sandbox is not in sync with the Podfile.lock. Run 'pod install' or update your CocoaPods installation.\" >&2\n    exit 1\nfi\n# This output is used by Xcode 'outputs' to avoid re-running this script phase.\necho \"SUCCESS\" > \"${SCRIPT_OUTPUT_FILE_0}\"\n";
			showEnvVarsInLog = 0;
		};
/* End PBXShellScriptBuildPhase section */

/* Begin PBXSourcesBuildPhase section */
		5DC9BF23276399720029D36F /* Sources */ = {
			isa = PBXSourcesBuildPhase;
			buildActionMask = 2147483647;
			files = (
				5D59EED1276682780023EFE2 /* UIViewController.swift in Sources */,
				5DC9BF2F276399720029D36F /* SignUpViewController.swift in Sources */,
				5DC9BF462763ADC30029D36F /* UITextField.swift in Sources */,
				5DC9BF2B276399720029D36F /* AppDelegate.swift in Sources */,
				5DC9BF492763C8300029D36F /* TextField.swift in Sources */,
				5D4604942765E7AE008D6E3D /* UserModel.swift in Sources */,
				5DC9BF4F276461EC0029D36F /* UIColor.swift in Sources */,
				5DC9BF4B2763CA200029D36F /* ServerApi.swift in Sources */,
				5DC9BF442763ABC90029D36F /* String.swift in Sources */,
				5DC9BF2D276399720029D36F /* SceneDelegate.swift in Sources */,
				5D4604892765DD02008D6E3D /* LoginViewController.swift in Sources */,
				5DC9BF4D2763D0BA0029D36F /* RequestUserAccount.swift in Sources */,
				5D4604922765E6B3008D6E3D /* Constant.swift in Sources */,
			);
			runOnlyForDeploymentPostprocessing = 0;
		};
/* End PBXSourcesBuildPhase section */

/* Begin PBXVariantGroup section */
		5DC9BF30276399720029D36F /* Main.storyboard */ = {
			isa = PBXVariantGroup;
			children = (
				5DC9BF31276399720029D36F /* Base */,
			);
			name = Main.storyboard;
			sourceTree = "<group>";
		};
		5DC9BF35276399760029D36F /* LaunchScreen.storyboard */ = {
			isa = PBXVariantGroup;
			children = (
				5DC9BF36276399760029D36F /* Base */,
			);
			name = LaunchScreen.storyboard;
			sourceTree = "<group>";
		};
/* End PBXVariantGroup section */

/* Begin XCBuildConfiguration section */
		5DC9BF39276399760029D36F /* Debug */ = {
			isa = XCBuildConfiguration;
			buildSettings = {
				ALWAYS_SEARCH_USER_PATHS = NO;
				CLANG_ANALYZER_NONNULL = YES;
				CLANG_ANALYZER_NUMBER_OBJECT_CONVERSION = YES_AGGRESSIVE;
				CLANG_CXX_LANGUAGE_STANDARD = "gnu++14";
				CLANG_CXX_LIBRARY = "libc++";
				CLANG_ENABLE_MODULES = YES;
				CLANG_ENABLE_OBJC_ARC = YES;
				CLANG_ENABLE_OBJC_WEAK = YES;
				CLANG_WARN_BLOCK_CAPTURE_AUTORELEASING = YES;
				CLANG_WARN_BOOL_CONVERSION = YES;
				CLANG_WARN_COMMA = YES;
				CLANG_WARN_CONSTANT_CONVERSION = YES;
				CLANG_WARN_DEPRECATED_OBJC_IMPLEMENTATIONS = YES;
				CLANG_WARN_DIRECT_OBJC_ISA_USAGE = YES_ERROR;
				CLANG_WARN_DOCUMENTATION_COMMENTS = YES;
				CLANG_WARN_EMPTY_BODY = YES;
				CLANG_WARN_ENUM_CONVERSION = YES;
				CLANG_WARN_INFINITE_RECURSION = YES;
				CLANG_WARN_INT_CONVERSION = YES;
				CLANG_WARN_NON_LITERAL_NULL_CONVERSION = YES;
				CLANG_WARN_OBJC_IMPLICIT_RETAIN_SELF = YES;
				CLANG_WARN_OBJC_LITERAL_CONVERSION = YES;
				CLANG_WARN_OBJC_ROOT_CLASS = YES_ERROR;
				CLANG_WARN_RANGE_LOOP_ANALYSIS = YES;
				CLANG_WARN_STRICT_PROTOTYPES = YES;
				CLANG_WARN_SUSPICIOUS_MOVE = YES;
				CLANG_WARN_UNGUARDED_AVAILABILITY = YES_AGGRESSIVE;
				CLANG_WARN_UNREACHABLE_CODE = YES;
				CLANG_WARN__DUPLICATE_METHOD_MATCH = YES;
				COPY_PHASE_STRIP = NO;
				DEBUG_INFORMATION_FORMAT = dwarf;
				ENABLE_STRICT_OBJC_MSGSEND = YES;
				ENABLE_TESTABILITY = YES;
				GCC_C_LANGUAGE_STANDARD = gnu11;
				GCC_DYNAMIC_NO_PIC = NO;
				GCC_NO_COMMON_BLOCKS = YES;
				GCC_OPTIMIZATION_LEVEL = 0;
				GCC_PREPROCESSOR_DEFINITIONS = (
					"DEBUG=1",
					"$(inherited)",
				);
				GCC_WARN_64_TO_32_BIT_CONVERSION = YES;
				GCC_WARN_ABOUT_RETURN_TYPE = YES_ERROR;
				GCC_WARN_UNDECLARED_SELECTOR = YES;
				GCC_WARN_UNINITIALIZED_AUTOS = YES_AGGRESSIVE;
				GCC_WARN_UNUSED_FUNCTION = YES;
				GCC_WARN_UNUSED_VARIABLE = YES;
				IPHONEOS_DEPLOYMENT_TARGET = 13.6;
				MTL_ENABLE_DEBUG_INFO = INCLUDE_SOURCE;
				MTL_FAST_MATH = YES;
				ONLY_ACTIVE_ARCH = YES;
				SDKROOT = iphoneos;
				SWIFT_ACTIVE_COMPILATION_CONDITIONS = DEBUG;
				SWIFT_OPTIMIZATION_LEVEL = "-Onone";
			};
			name = Debug;
		};
		5DC9BF3A276399760029D36F /* Release */ = {
			isa = XCBuildConfiguration;
			buildSettings = {
				ALWAYS_SEARCH_USER_PATHS = NO;
				CLANG_ANALYZER_NONNULL = YES;
				CLANG_ANALYZER_NUMBER_OBJECT_CONVERSION = YES_AGGRESSIVE;
				CLANG_CXX_LANGUAGE_STANDARD = "gnu++14";
				CLANG_CXX_LIBRARY = "libc++";
				CLANG_ENABLE_MODULES = YES;
				CLANG_ENABLE_OBJC_ARC = YES;
				CLANG_ENABLE_OBJC_WEAK = YES;
				CLANG_WARN_BLOCK_CAPTURE_AUTORELEASING = YES;
				CLANG_WARN_BOOL_CONVERSION = YES;
				CLANG_WARN_COMMA = YES;
				CLANG_WARN_CONSTANT_CONVERSION = YES;
				CLANG_WARN_DEPRECATED_OBJC_IMPLEMENTATIONS = YES;
				CLANG_WARN_DIRECT_OBJC_ISA_USAGE = YES_ERROR;
				CLANG_WARN_DOCUMENTATION_COMMENTS = YES;
				CLANG_WARN_EMPTY_BODY = YES;
				CLANG_WARN_ENUM_CONVERSION = YES;
				CLANG_WARN_INFINITE_RECURSION = YES;
				CLANG_WARN_INT_CONVERSION = YES;
				CLANG_WARN_NON_LITERAL_NULL_CONVERSION = YES;
				CLANG_WARN_OBJC_IMPLICIT_RETAIN_SELF = YES;
				CLANG_WARN_OBJC_LITERAL_CONVERSION = YES;
				CLANG_WARN_OBJC_ROOT_CLASS = YES_ERROR;
				CLANG_WARN_RANGE_LOOP_ANALYSIS = YES;
				CLANG_WARN_STRICT_PROTOTYPES = YES;
				CLANG_WARN_SUSPICIOUS_MOVE = YES;
				CLANG_WARN_UNGUARDED_AVAILABILITY = YES_AGGRESSIVE;
				CLANG_WARN_UNREACHABLE_CODE = YES;
				CLANG_WARN__DUPLICATE_METHOD_MATCH = YES;
				COPY_PHASE_STRIP = NO;
				DEBUG_INFORMATION_FORMAT = "dwarf-with-dsym";
				ENABLE_NS_ASSERTIONS = NO;
				ENABLE_STRICT_OBJC_MSGSEND = YES;
				GCC_C_LANGUAGE_STANDARD = gnu11;
				GCC_NO_COMMON_BLOCKS = YES;
				GCC_WARN_64_TO_32_BIT_CONVERSION = YES;
				GCC_WARN_ABOUT_RETURN_TYPE = YES_ERROR;
				GCC_WARN_UNDECLARED_SELECTOR = YES;
				GCC_WARN_UNINITIALIZED_AUTOS = YES_AGGRESSIVE;
				GCC_WARN_UNUSED_FUNCTION = YES;
				GCC_WARN_UNUSED_VARIABLE = YES;
				IPHONEOS_DEPLOYMENT_TARGET = 13.6;
				MTL_ENABLE_DEBUG_INFO = NO;
				MTL_FAST_MATH = YES;
				SDKROOT = iphoneos;
				SWIFT_COMPILATION_MODE = wholemodule;
				SWIFT_OPTIMIZATION_LEVEL = "-O";
				VALIDATE_PRODUCT = YES;
			};
			name = Release;
		};
		5DC9BF3C276399760029D36F /* Debug */ = {
			isa = XCBuildConfiguration;
			baseConfigurationReference = 230A6D889D2A6946C9AAD78C /* Pods-InterviewTask.debug.xcconfig */;
			buildSettings = {
				ASSETCATALOG_COMPILER_APPICON_NAME = AppIcon;
				CODE_SIGN_STYLE = Automatic;
				INFOPLIST_FILE = InterviewTask/Info.plist;
				LD_RUNPATH_SEARCH_PATHS = (
					"$(inherited)",
					"@executable_path/Frameworks",
				);
				PRODUCT_BUNDLE_IDENTIFIER = com.InterviewTask;
				PRODUCT_NAME = "$(TARGET_NAME)";
				SWIFT_VERSION = 5.0;
				TARGETED_DEVICE_FAMILY = "1,2";
			};
			name = Debug;
		};
		5DC9BF3D276399760029D36F /* Release */ = {
			isa = XCBuildConfiguration;
			baseConfigurationReference = 8170082BEFD0F01C79EB484E /* Pods-InterviewTask.release.xcconfig */;
			buildSettings = {
				ASSETCATALOG_COMPILER_APPICON_NAME = AppIcon;
				CODE_SIGN_STYLE = Automatic;
				INFOPLIST_FILE = InterviewTask/Info.plist;
				LD_RUNPATH_SEARCH_PATHS = (
					"$(inherited)",
					"@executable_path/Frameworks",
				);
				PRODUCT_BUNDLE_IDENTIFIER = com.InterviewTask;
				PRODUCT_NAME = "$(TARGET_NAME)";
				SWIFT_VERSION = 5.0;
				TARGETED_DEVICE_FAMILY = "1,2";
			};
			name = Release;
		};
/* End XCBuildConfiguration section */

/* Begin XCConfigurationList section */
		5DC9BF22276399720029D36F /* Build configuration list for PBXProject "InterviewTask" */ = {
			isa = XCConfigurationList;
			buildConfigurations = (
				5DC9BF39276399760029D36F /* Debug */,
				5DC9BF3A276399760029D36F /* Release */,
			);
			defaultConfigurationIsVisible = 0;
			defaultConfigurationName = Release;
		};
		5DC9BF3B276399760029D36F /* Build configuration list for PBXNativeTarget "InterviewTask" */ = {
			isa = XCConfigurationList;
			buildConfigurations = (
				5DC9BF3C276399760029D36F /* Debug */,
				5DC9BF3D276399760029D36F /* Release */,
			);
			defaultConfigurationIsVisible = 0;
			defaultConfigurationName = Release;
		};
/* End XCConfigurationList section */
	};
	rootObject = 5DC9BF1F276399720029D36F /* Project object */;
}
